
Microsoft Visual Studio Solution File, Format Version 12.00
# Visual Studio Version 16
VisualStudioVersion = 16.0.28922.388
MinimumVisualStudioVersion = 10.0.40219.1
Project("{FAE04EC0-301F-11D3-BF4B-00C04F79EFBC}") = "DebugTool", "DebugTool\DebugTool.csproj", "{3A57ECCC-B53B-46EF-BD83-B1EE4E280B65}"
EndProject
Global
	GlobalSection(SolutionConfigurationPlatforms) = preSolution
		Debug|Any CPU = Debug|Any CPU
		Release|Any CPU = Release|Any CPU
	EndGlobalSection
	GlobalSection(ProjectConfigurationPlatforms) = postSolution
		{3A57ECCC-B53B-46EF-BD83-B1EE4E280B65}.Debug|Any CPU.ActiveCfg = Debug|Any CPU
		{3A57ECCC-B53B-46EF-BD83-B1EE4E280B65}.Debug|Any CPU.Build.0 = Debug|Any CPU
		{3A57ECCC-B53B-46EF-BD83-B1EE4E280B65}.Release|Any CPU.ActiveCfg = Release|Any CPU
		{3A57ECCC-B53B-46EF-BD83-B1EE4E280B65}.Release|Any CPU.Build.0 = Release|Any CPU
	EndGlobalSection
	GlobalSection(SolutionProperties) = preSolution
		HideSolutionNode = FALSE
	EndGlobalSection
	GlobalSection(ExtensibilityGlobals) = postSolution
		SolutionGuid = {55E42C7E-41F1-4186-B4E0-8EA4C77612BA}
	EndGlobalSection
EndGlobal
